schema: '2.0'
stages:
  load_data:
    cmd: python src/load_data.py --config=params.yaml
    deps:
    - path: data_given/winequality.csv
      md5: ccc8d3507eb151f53f760d36abdef888
      size: 91998
    - path: src/get_data.py
      md5: c585989ab36f974827ff70f1c661b26f
      size: 658
    - path: src/load_data.py
      md5: 8c7e41f094b633d9b796230e26fa9343
      size: 564
    outs:
    - path: data/raw/winequality.csv
      md5: d6e3e93f98e8888a635d43ee130a1b9f
      size: 98884
  split_data:
    cmd: python src/split_data.py --config=params.yaml
    deps:
    - path: data/raw/winequality.csv
      md5: d6e3e93f98e8888a635d43ee130a1b9f
      size: 98884
    - path: src/split_data.py
      md5: b875171574ad7211f2876b07299a16ab
      size: 853
    outs:
    - path: data/processed/test_winequality.csv
      md5: 8ae762efc9b287578b3bdd49977fb9d4
      size: 19902
    - path: data/processed/train_winequality.csv
      md5: 99d971957f0969ea7b2f397c166c9e0d
      size: 79148
  train_evaluate:
    cmd: python src/train_and_evaluate.py --config=params.yaml
    deps:
    - path: data/processed/test_winequality.csv
      md5: 8ae762efc9b287578b3bdd49977fb9d4
      size: 19902
    - path: data/processed/train_winequality.csv
      md5: 99d971957f0969ea7b2f397c166c9e0d
      size: 79148
    - path: src/train_and_evaluate.py
      md5: bc2dfb2e044d33a076f4c06496f2a0ea
      size: 2590
    params:
      params.yaml:
        estimators.ElasticNet.params.alpha: 0.88
        estimators.ElasticNet.params.l1_ratio: 0.89
    outs:
    - path: reports/params.json
      md5: 0568f34313ba7c5e55128b75dbcbee5c
      size: 43
    - path: reports/scores.json
      md5: dff5569c74930eea01664deef32b6e1e
      size: 97
    - path: saved_models/ElasticNet.joblib
      md5: 863cdb205cb4037cca0666dbaba66811
      size: 1311
